
Microsoft Visual Studio Solution File, Format Version 12.00
# Visual Studio Version 16
VisualStudioVersion = 16.0.31410.357
MinimumVisualStudioVersion = 10.0.40219.1
Project("{FAE04EC0-301F-11D3-BF4B-00C04F79EFBC}") = "Core_3tier", "Core_3tier\Core_3tier.csproj", "{3E55E9CF-16B4-4F69-A7FE-54DAF1A6AB00}"
EndProject
Project("{FAE04EC0-301F-11D3-BF4B-00C04F79EFBC}") = "DAL", "DAL\DAL.csproj", "{4936385D-31A1-4646-BA13-A9411AFA2688}"
EndProject
Project("{FAE04EC0-301F-11D3-BF4B-00C04F79EFBC}") = "LOGIC", "LOGIC\LOGIC.csproj", "{0204887B-45AE-4AEE-ADF6-10C47E5EC4A0}"
EndProject
Global
	GlobalSection(SolutionConfigurationPlatforms) = preSolution
		Debug|Any CPU = Debug|Any CPU
		Release|Any CPU = Release|Any CPU
	EndGlobalSection
	GlobalSection(ProjectConfigurationPlatforms) = postSolution
		{3E55E9CF-16B4-4F69-A7FE-54DAF1A6AB00}.Debug|Any CPU.ActiveCfg = Debug|Any CPU
		{3E55E9CF-16B4-4F69-A7FE-54DAF1A6AB00}.Debug|Any CPU.Build.0 = Debug|Any CPU
		{3E55E9CF-16B4-4F69-A7FE-54DAF1A6AB00}.Release|Any CPU.ActiveCfg = Release|Any CPU
		{3E55E9CF-16B4-4F69-A7FE-54DAF1A6AB00}.Release|Any CPU.Build.0 = Release|Any CPU
		{4936385D-31A1-4646-BA13-A9411AFA2688}.Debug|Any CPU.ActiveCfg = Debug|Any CPU
		{4936385D-31A1-4646-BA13-A9411AFA2688}.Debug|Any CPU.Build.0 = Debug|Any CPU
		{4936385D-31A1-4646-BA13-A9411AFA2688}.Release|Any CPU.ActiveCfg = Release|Any CPU
		{4936385D-31A1-4646-BA13-A9411AFA2688}.Release|Any CPU.Build.0 = Release|Any CPU
		{0204887B-45AE-4AEE-ADF6-10C47E5EC4A0}.Debug|Any CPU.ActiveCfg = Debug|Any CPU
		{0204887B-45AE-4AEE-ADF6-10C47E5EC4A0}.Debug|Any CPU.Build.0 = Debug|Any CPU
		{0204887B-45AE-4AEE-ADF6-10C47E5EC4A0}.Release|Any CPU.ActiveCfg = Release|Any CPU
		{0204887B-45AE-4AEE-ADF6-10C47E5EC4A0}.Release|Any CPU.Build.0 = Release|Any CPU
	EndGlobalSection
	GlobalSection(SolutionProperties) = preSolution
		HideSolutionNode = FALSE
	EndGlobalSection
	GlobalSection(ExtensibilityGlobals) = postSolution
		SolutionGuid = {204CA39E-0EB2-4443-8FB7-001D3CBD5B45}
	EndGlobalSection
EndGlobal
